{
  "name": "WalkthroughTutorial",
  "version": "1.0.0",
  "lockfileVersion": 1,
  "requires": true,
  "dependencies": {
    "@openui5/sap.m": {
      "version": "1.61.2",
      "resolved": "https://registry.npmjs.org/@openui5/sap.m/-/sap.m-1.61.2.tgz",
      "integrity": "sha512-Z/FtONNU1go+2SbyF3KHIsMy2DohzGeMi6SRvbv+FISzYIMWCMRM2e73S5TEKehRY6IaZ5+MmdDIGaEnGp3rvw==",
      "requires": {
        "@openui5/sap.ui.core": "1.61.2",
        "@openui5/sap.ui.unified": "1.61.2"
      }
    },
    "@openui5/sap.ui.core": {
      "version": "1.61.2",
      "resolved": "https://registry.npmjs.org/@openui5/sap.ui.core/-/sap.ui.core-1.61.2.tgz",
      "integrity": "sha512-jNdpgfSOlS/c/k2UKdYB3SDXMSNCm0LxpYzWZI6Dh5sSurYZ2YKbMieQp8zphmk3EaNK5YLPjohDIDXi0AVpdA=="
    },
    "@openui5/sap.ui.unified": {
      "version": "1.61.2",
      "resolved": "https://registry.npmjs.org/@openui5/sap.ui.unified/-/sap.ui.unified-1.61.2.tgz",
      "integrity": "sha512-UzdbF2K9x+mv1vBvo0oUFRDZ798PV/MbiGan4k3DpdR7gC4DOLhb+2cX35PpISgRu3Eu65mHrwZHMCO19E6Htg==",
      "requires": {
        "@openui5/sap.ui.core": "1.61.2"
      }
    },
    "@openui5/themelib_sap_belize": {
      "version": "1.61.2",
      "resolved": "https://registry.npmjs.org/@openui5/themelib_sap_belize/-/themelib_sap_belize-1.61.2.tgz",
      "integrity": "sha512-H3CjVwtujTFOezkqzkR1dA9Rpxnz1mThnWxZ1AXbqKIp5a/xrSxEzU2Hwp8WqPic7Cg67vEVuu22hOYGen8u/w=="
    }
  }
}
